// !$*UTF8*$!
{
	archiveVersion = 1;
	classes = {
	};
	objectVersion = 50;
	objects = {

/* Begin PBXBuildFile section */
		C4697B2B26D3CFA000EDA2FB /* AppDelegate.swift in Sources */ = {isa = PBXBuildFile; fileRef = C4697B2A26D3CFA000EDA2FB /* AppDelegate.swift */; };
		C4697B2D26D3CFA000EDA2FB /* SceneDelegate.swift in Sources */ = {isa = PBXBuildFile; fileRef = C4697B2C26D3CFA000EDA2FB /* SceneDelegate.swift */; };
		C4697B2F26D3CFA000EDA2FB /* ViewController.swift in Sources */ = {isa = PBXBuildFile; fileRef = C4697B2E26D3CFA000EDA2FB /* ViewController.swift */; };
		C4697B3226D3CFA000EDA2FB /* Main.storyboard in Resources */ = {isa = PBXBuildFile; fileRef = C4697B3026D3CFA000EDA2FB /* Main.storyboard */; };
		C4697B3426D3CFA100EDA2FB /* Assets.xcassets in Resources */ = {isa = PBXBuildFile; fileRef = C4697B3326D3CFA100EDA2FB /* Assets.xcassets */; };
		C4697B3726D3CFA100EDA2FB /* LaunchScreen.storyboard in Resources */ = {isa = PBXBuildFile; fileRef = C4697B3526D3CFA100EDA2FB /* LaunchScreen.storyboard */; };
		C4697B4226D3CFA200EDA2FB /* PitchPerfectTests.swift in Sources */ = {isa = PBXBuildFile; fileRef = C4697B4126D3CFA200EDA2FB /* PitchPerfectTests.swift */; };
		C4697B4D26D3CFA200EDA2FB /* PitchPerfectUITests.swift in Sources */ = {isa = PBXBuildFile; fileRef = C4697B4C26D3CFA200EDA2FB /* PitchPerfectUITests.swift */; };
/* End PBXBuildFile section */

/* Begin PBXContainerItemProxy section */
		C4697B3E26D3CFA200EDA2FB /* PBXContainerItemProxy */ = {
			isa = PBXContainerItemProxy;
			containerPortal = C4697B1F26D3CFA000EDA2FB /* Project object */;
			proxyType = 1;
			remoteGlobalIDString = C4697B2626D3CFA000EDA2FB;
			remoteInfo = PitchPerfect;
		};
		C4697B4926D3CFA200EDA2FB /* PBXContainerItemProxy */ = {
			isa = PBXContainerItemProxy;
			containerPortal = C4697B1F26D3CFA000EDA2FB /* Project object */;
			proxyType = 1;
			remoteGlobalIDString = C4697B2626D3CFA000EDA2FB;
			remoteInfo = PitchPerfect;
		};
/* End PBXContainerItemProxy section */

/* Begin PBXFileReference section */
		C4697B2726D3CFA000EDA2FB /* PitchPerfect.app */ = {isa = PBXFileReference; explicitFileType = wrapper.application; includeInIndex = 0; path = PitchPerfect.app; sourceTree = BUILT_PRODUCTS_DIR; };
		C4697B2A26D3CFA000EDA2FB /* AppDelegate.swift */ = {isa = PBXFileReference; lastKnownFileType = sourcecode.swift; path = AppDelegate.swift; sourceTree = "<group>"; };
		C4697B2C26D3CFA000EDA2FB /* SceneDelegate.swift */ = {isa = PBXFileReference; lastKnownFileType = sourcecode.swift; path = SceneDelegate.swift; sourceTree = "<group>"; };
		C4697B2E26D3CFA000EDA2FB /* ViewController.swift */ = {isa = PBXFileReference; lastKnownFileType = sourcecode.swift; path = ViewController.swift; sourceTree = "<group>"; };
		C4697B3126D3CFA000EDA2FB /* Base */ = {isa = PBXFileReference; lastKnownFileType = file.storyboard; name = Base; path = Base.lproj/Main.storyboard; sourceTree = "<group>"; };
		C4697B3326D3CFA100EDA2FB /* Assets.xcassets */ = {isa = PBXFileReference; lastKnownFileType = folder.assetcatalog; path = Assets.xcassets; sourceTree = "<group>"; };
		C4697B3626D3CFA100EDA2FB /* Base */ = {isa = PBXFileReference; lastKnownFileType = file.storyboard; name = Base; path = Base.lproj/LaunchScreen.storyboard; sourceTree = "<group>"; };
		C4697B3826D3CFA100EDA2FB /* Info.plist */ = {isa = PBXFileReference; lastKnownFileType = text.plist.xml; path = Info.plist; sourceTree = "<group>"; };
		C4697B3D26D3CFA200EDA2FB /* PitchPerfectTests.xctest */ = {isa = PBXFileReference; explicitFileType = wrapper.cfbundle; includeInIndex = 0; path = PitchPerfectTests.xctest; sourceTree = BUILT_PRODUCTS_DIR; };
		C4697B4126D3CFA200EDA2FB /* PitchPerfectTests.swift */ = {isa = PBXFileReference; lastKnownFileType = sourcecode.swift; path = PitchPerfectTests.swift; sourceTree = "<group>"; };
		C4697B4326D3CFA200EDA2FB /* Info.plist */ = {isa = PBXFileReference; lastKnownFileType = text.plist.xml; path = Info.plist; sourceTree = "<group>"; };
		C4697B4826D3CFA200EDA2FB /* PitchPerfectUITests.xctest */ = {isa = PBXFileReference; explicitFileType = wrapper.cfbundle; includeInIndex = 0; path = PitchPerfectUITests.xctest; sourceTree = BUILT_PRODUCTS_DIR; };
		C4697B4C26D3CFA200EDA2FB /* PitchPerfectUITests.swift */ = {isa = PBXFileReference; lastKnownFileType = sourcecode.swift; path = PitchPerfectUITests.swift; sourceTree = "<group>"; };
		C4697B4E26D3CFA200EDA2FB /* Info.plist */ = {isa = PBXFileReference; lastKnownFileType = text.plist.xml; path = Info.plist; sourceTree = "<group>"; };
/* End PBXFileReference section */

/* Begin PBXFrameworksBuildPhase section */
		C4697B2426D3CFA000EDA2FB /* Frameworks */ = {
			isa = PBXFrameworksBuildPhase;
			buildActionMask = 2147483647;
			files = (
			);
			runOnlyForDeploymentPostprocessing = 0;
		};
		C4697B3A26D3CFA200EDA2FB /* Frameworks */ = {
			isa = PBXFrameworksBuildPhase;
			buildActionMask = 2147483647;
			files = (
			);
			runOnlyForDeploymentPostprocessing = 0;
		};
		C4697B4526D3CFA200EDA2FB /* Frameworks */ = {
			isa = PBXFrameworksBuildPhase;
			buildActionMask = 2147483647;
			files = (
			);
			runOnlyForDeploymentPostprocessing = 0;
		};
/* End PBXFrameworksBuildPhase section */

/* Begin PBXGroup section */
		C4697B1E26D3CFA000EDA2FB = {
			isa = PBXGroup;
			children = (
				C4697B2926D3CFA000EDA2FB /* PitchPerfect */,
				C4697B4026D3CFA200EDA2FB /* PitchPerfectTests */,
				C4697B4B26D3CFA200EDA2FB /* PitchPerfectUITests */,
				C4697B2826D3CFA000EDA2FB /* Products */,
			);
			sourceTree = "<group>";
		};
		C4697B2826D3CFA000EDA2FB /* Products */ = {
			isa = PBXGroup;
			children = (
				C4697B2726D3CFA000EDA2FB /* PitchPerfect.app */,
				C4697B3D26D3CFA200EDA2FB /* PitchPerfectTests.xctest */,
				C4697B4826D3CFA200EDA2FB /* PitchPerfectUITests.xctest */,
			);
			name = Products;
			sourceTree = "<group>";
		};
		C4697B2926D3CFA000EDA2FB /* PitchPerfect */ = {
			isa = PBXGroup;
			children = (
				C4697B2A26D3CFA000EDA2FB /* AppDelegate.swift */,
				C4697B2C26D3CFA000EDA2FB /* SceneDelegate.swift */,
				C4697B2E26D3CFA000EDA2FB /* ViewController.swift */,
				C4697B3026D3CFA000EDA2FB /* Main.storyboard */,
				C4697B3326D3CFA100EDA2FB /* Assets.xcassets */,
				C4697B3526D3CFA100EDA2FB /* LaunchScreen.storyboard */,
				C4697B3826D3CFA100EDA2FB /* Info.plist */,
			);
			path = PitchPerfect;
			sourceTree = "<group>";
		};
		C4697B4026D3CFA200EDA2FB /* PitchPerfectTests */ = {
			isa = PBXGroup;
			children = (
				C4697B4126D3CFA200EDA2FB /* PitchPerfectTests.swift */,
				C4697B4326D3CFA200EDA2FB /* Info.plist */,
			);
			path = PitchPerfectTests;
			sourceTree = "<group>";
		};
		C4697B4B26D3CFA200EDA2FB /* PitchPerfectUITests */ = {
			isa = PBXGroup;
			children = (
				C4697B4C26D3CFA200EDA2FB /* PitchPerfectUITests.swift */,
				C4697B4E26D3CFA200EDA2FB /* Info.plist */,
			);
			path = PitchPerfectUITests;
			sourceTree = "<group>";
		};
/* End PBXGroup section */

/* Begin PBXNativeTarget section */
		C4697B2626D3CFA000EDA2FB /* PitchPerfect */ = {
			isa = PBXNativeTarget;
			buildConfigurationList = C4697B5126D3CFA200EDA2FB /* Build configuration list for PBXNativeTarget "PitchPerfect" */;
			buildPhases = (
				C4697B2326D3CFA000EDA2FB /* Sources */,
				C4697B2426D3CFA000EDA2FB /* Frameworks */,
				C4697B2526D3CFA000EDA2FB /* Resources */,
			);
			buildRules = (
			);
			dependencies = (
			);
			name = PitchPerfect;
			productName = PitchPerfect;
			productReference = C4697B2726D3CFA000EDA2FB /* PitchPerfect.app */;
			productType = "com.apple.product-type.application";
		};
		C4697B3C26D3CFA200EDA2FB /* PitchPerfectTests */ = {
			isa = PBXNativeTarget;
			buildConfigurationList = C4697B5426D3CFA200EDA2FB /* Build configuration list for PBXNativeTarget "PitchPerfectTests" */;
			buildPhases = (
				C4697B3926D3CFA200EDA2FB /* Sources */,
				C4697B3A26D3CFA200EDA2FB /* Frameworks */,
				C4697B3B26D3CFA200EDA2FB /* Resources */,
			);
			buildRules = (
			);
			dependencies = (
				C4697B3F26D3CFA200EDA2FB /* PBXTargetDependency */,
			);
			name = PitchPerfectTests;
			productName = PitchPerfectTests;
			productReference = C4697B3D26D3CFA200EDA2FB /* PitchPerfectTests.xctest */;
			productType = "com.apple.product-type.bundle.unit-test";
		};
		C4697B4726D3CFA200EDA2FB /* PitchPerfectUITests */ = {
			isa = PBXNativeTarget;
			buildConfigurationList = C4697B5726D3CFA200EDA2FB /* Build configuration list for PBXNativeTarget "PitchPerfectUITests" */;
			buildPhases = (
				C4697B4426D3CFA200EDA2FB /* Sources */,
				C4697B4526D3CFA200EDA2FB /* Frameworks */,
				C4697B4626D3CFA200EDA2FB /* Resources */,
			);
			buildRules = (
			);
			dependencies = (
				C4697B4A26D3CFA200EDA2FB /* PBXTargetDependency */,
			);
			name = PitchPerfectUITests;
			productName = PitchPerfectUITests;
			productReference = C4697B4826D3CFA200EDA2FB /* PitchPerfectUITests.xctest */;
			productType = "com.apple.product-type.bundle.ui-testing";
		};
/* End PBXNativeTarget section */

/* Begin PBXProject section */
		C4697B1F26D3CFA000EDA2FB /* Project object */ = {
			isa = PBXProject;
			attributes = {
				LastSwiftUpdateCheck = 1220;
				LastUpgradeCheck = 1220;
				TargetAttributes = {
					C4697B2626D3CFA000EDA2FB = {
						CreatedOnToolsVersion = 12.2;
					};
					C4697B3C26D3CFA200EDA2FB = {
						CreatedOnToolsVersion = 12.2;
						TestTargetID = C4697B2626D3CFA000EDA2FB;
					};
					C4697B4726D3CFA200EDA2FB = {
						CreatedOnToolsVersion = 12.2;
						TestTargetID = C4697B2626D3CFA000EDA2FB;
					};
				};
			};
			buildConfigurationList = C4697B2226D3CFA000EDA2FB /* Build configuration list for PBXProject "PitchPerfect" */;
			compatibilityVersion = "Xcode 9.3";
			developmentRegion = en;
			hasScannedForEncodings = 0;
			knownRegions = (
				en,
				Base,
			);
			mainGroup = C4697B1E26D3CFA000EDA2FB;
			productRefGroup = C4697B2826D3CFA000EDA2FB /* Products */;
			projectDirPath = "";
			projectRoot = "";
			targets = (
				C4697B2626D3CFA000EDA2FB /* PitchPerfect */,
				C4697B3C26D3CFA200EDA2FB /* PitchPerfectTests */,
				C4697B4726D3CFA200EDA2FB /* PitchPerfectUITests */,
			);
		};
/* End PBXProject section */

/* Begin PBXResourcesBuildPhase section */
		C4697B2526D3CFA000EDA2FB /* Resources */ = {
			isa = PBXResourcesBuildPhase;
			buildActionMask = 2147483647;
			files = (
				C4697B3726D3CFA100EDA2FB /* LaunchScreen.storyboard in Resources */,
				C4697B3426D3CFA100EDA2FB /* Assets.xcassets in Resources */,
				C4697B3226D3CFA000EDA2FB /* Main.storyboard in Resources */,
			);
			runOnlyForDeploymentPostprocessing = 0;
		};
		C4697B3B26D3CFA200EDA2FB /* Resources */ = {
			isa = PBXResourcesBuildPhase;
			buildActionMask = 2147483647;
			files = (
			);
			runOnlyForDeploymentPostprocessing = 0;
		};
		C4697B4626D3CFA200EDA2FB /* Resources */ = {
			isa = PBXResourcesBuildPhase;
			buildActionMask = 2147483647;
			files = (
			);
			runOnlyForDeploymentPostprocessing = 0;
		};
/* End PBXResourcesBuildPhase section */

/* Begin PBXSourcesBuildPhase section */
		C4697B2326D3CFA000EDA2FB /* Sources */ = {
			isa = PBXSourcesBuildPhase;
			buildActionMask = 2147483647;
			files = (
				C4697B2F26D3CFA000EDA2FB /* ViewController.swift in Sources */,
				C4697B2B26D3CFA000EDA2FB /* AppDelegate.swift in Sources */,
				C4697B2D26D3CFA000EDA2FB /* SceneDelegate.swift in Sources */,
			);
			runOnlyForDeploymentPostprocessing = 0;
		};
		C4697B3926D3CFA200EDA2FB /* Sources */ = {
			isa = PBXSourcesBuildPhase;
			buildActionMask = 2147483647;
			files = (
				C4697B4226D3CFA200EDA2FB /* PitchPerfectTests.swift in Sources */,
			);
			runOnlyForDeploymentPostprocessing = 0;
		};
		C4697B4426D3CFA200EDA2FB /* Sources */ = {
			isa = PBXSourcesBuildPhase;
			buildActionMask = 2147483647;
			files = (
				C4697B4D26D3CFA200EDA2FB /* PitchPerfectUITests.swift in Sources */,
			);
			runOnlyForDeploymentPostprocessing = 0;
		};
/* End PBXSourcesBuildPhase section */

/* Begin PBXTargetDependency section */
		C4697B3F26D3CFA200EDA2FB /* PBXTargetDependency */ = {
			isa = PBXTargetDependency;
			target = C4697B2626D3CFA000EDA2FB /* PitchPerfect */;
			targetProxy = C4697B3E26D3CFA200EDA2FB /* PBXContainerItemProxy */;
		};
		C4697B4A26D3CFA200EDA2FB /* PBXTargetDependency */ = {
			isa = PBXTargetDependency;
			target = C4697B2626D3CFA000EDA2FB /* PitchPerfect */;
			targetProxy = C4697B4926D3CFA200EDA2FB /* PBXContainerItemProxy */;
		};
/* End PBXTargetDependency section */

/* Begin PBXVariantGroup section */
		C4697B3026D3CFA000EDA2FB /* Main.storyboard */ = {
			isa = PBXVariantGroup;
			children = (
				C4697B3126D3CFA000EDA2FB /* Base */,
			);
			name = Main.storyboard;
			sourceTree = "<group>";
		};
		C4697B3526D3CFA100EDA2FB /* LaunchScreen.storyboard */ = {
			isa = PBXVariantGroup;
			children = (
				C4697B3626D3CFA100EDA2FB /* Base */,
			);
			name = LaunchScreen.storyboard;
			sourceTree = "<group>";
		};
/* End PBXVariantGroup section */

/* Begin XCBuildConfiguration section */
		C4697B4F26D3CFA200EDA2FB /* Debug */ = {
			isa = XCBuildConfiguration;
			buildSettings = {
				ALWAYS_SEARCH_USER_PATHS = NO;
				CLANG_ANALYZER_NONNULL = YES;
				CLANG_ANALYZER_NUMBER_OBJECT_CONVERSION = YES_AGGRESSIVE;
				CLANG_CXX_LANGUAGE_STANDARD = "gnu++14";
				CLANG_CXX_LIBRARY = "libc++";
				CLANG_ENABLE_MODULES = YES;
				CLANG_ENABLE_OBJC_ARC = YES;
				CLANG_ENABLE_OBJC_WEAK = YES;
				CLANG_WARN_BLOCK_CAPTURE_AUTORELEASING = YES;
				CLANG_WARN_BOOL_CONVERSION = YES;
				CLANG_WARN_COMMA = YES;
				CLANG_WARN_CONSTANT_CONVERSION = YES;
				CLANG_WARN_DEPRECATED_OBJC_IMPLEMENTATIONS = YES;
				CLANG_WARN_DIRECT_OBJC_ISA_USAGE = YES_ERROR;
				CLANG_WARN_DOCUMENTATION_COMMENTS = YES;
				CLANG_WARN_EMPTY_BODY = YES;
				CLANG_WARN_ENUM_CONVERSION = YES;
				CLANG_WARN_INFINITE_RECURSION = YES;
				CLANG_WARN_INT_CONVERSION = YES;
				CLANG_WARN_NON_LITERAL_NULL_CONVERSION = YES;
				CLANG_WARN_OBJC_IMPLICIT_RETAIN_SELF = YES;
				CLANG_WARN_OBJC_LITERAL_CONVERSION = YES;
				CLANG_WARN_OBJC_ROOT_CLASS = YES_ERROR;
				CLANG_WARN_QUOTED_INCLUDE_IN_FRAMEWORK_HEADER = YES;
				CLANG_WARN_RANGE_LOOP_ANALYSIS = YES;
				CLANG_WARN_STRICT_PROTOTYPES = YES;
				CLANG_WARN_SUSPICIOUS_MOVE = YES;
				CLANG_WARN_UNGUARDED_AVAILABILITY = YES_AGGRESSIVE;
				CLANG_WARN_UNREACHABLE_CODE = YES;
				CLANG_WARN__DUPLICATE_METHOD_MATCH = YES;
				COPY_PHASE_STRIP = NO;
				DEBUG_INFORMATION_FORMAT = dwarf;
				ENABLE_STRICT_OBJC_MSGSEND = YES;
				ENABLE_TESTABILITY = YES;
				GCC_C_LANGUAGE_STANDARD = gnu11;
				GCC_DYNAMIC_NO_PIC = NO;
				GCC_NO_COMMON_BLOCKS = YES;
				GCC_OPTIMIZATION_LEVEL = 0;
				GCC_PREPROCESSOR_DEFINITIONS = (
					"DEBUG=1",
					"$(inherited)",
				);
				GCC_WARN_64_TO_32_BIT_CONVERSION = YES;
				GCC_WARN_ABOUT_RETURN_TYPE = YES_ERROR;
				GCC_WARN_UNDECLARED_SELECTOR = YES;
				GCC_WARN_UNINITIALIZED_AUTOS = YES_AGGRESSIVE;
				GCC_WARN_UNUSED_FUNCTION = YES;
				GCC_WARN_UNUSED_VARIABLE = YES;
				IPHONEOS_DEPLOYMENT_TARGET = 14.2;
				MTL_ENABLE_DEBUG_INFO = INCLUDE_SOURCE;
				MTL_FAST_MATH = YES;
				ONLY_ACTIVE_ARCH = YES;
				SDKROOT = iphoneos;
				SWIFT_ACTIVE_COMPILATION_CONDITIONS = DEBUG;
				SWIFT_OPTIMIZATION_LEVEL = "-Onone";
			};
			name = Debug;
		};
		C4697B5026D3CFA200EDA2FB /* Release */ = {
			isa = XCBuildConfiguration;
			buildSettings = {
				ALWAYS_SEARCH_USER_PATHS = NO;
				CLANG_ANALYZER_NONNULL = YES;
				CLANG_ANALYZER_NUMBER_OBJECT_CONVERSION = YES_AGGRESSIVE;
				CLANG_CXX_LANGUAGE_STANDARD = "gnu++14";
				CLANG_CXX_LIBRARY = "libc++";
				CLANG_ENABLE_MODULES = YES;
				CLANG_ENABLE_OBJC_ARC = YES;
				CLANG_ENABLE_OBJC_WEAK = YES;
				CLANG_WARN_BLOCK_CAPTURE_AUTORELEASING = YES;
				CLANG_WARN_BOOL_CONVERSION = YES;
				CLANG_WARN_COMMA = YES;
				CLANG_WARN_CONSTANT_CONVERSION = YES;
				CLANG_WARN_DEPRECATED_OBJC_IMPLEMENTATIONS = YES;
				CLANG_WARN_DIRECT_OBJC_ISA_USAGE = YES_ERROR;
				CLANG_WARN_DOCUMENTATION_COMMENTS = YES;
				CLANG_WARN_EMPTY_BODY = YES;
				CLANG_WARN_ENUM_CONVERSION = YES;
				CLANG_WARN_INFINITE_RECURSION = YES;
				CLANG_WARN_INT_CONVERSION = YES;
				CLANG_WARN_NON_LITERAL_NULL_CONVERSION = YES;
				CLANG_WARN_OBJC_IMPLICIT_RETAIN_SELF = YES;
				CLANG_WARN_OBJC_LITERAL_CONVERSION = YES;
				CLANG_WARN_OBJC_ROOT_CLASS = YES_ERROR;
				CLANG_WARN_QUOTED_INCLUDE_IN_FRAMEWORK_HEADER = YES;
				CLANG_WARN_RANGE_LOOP_ANALYSIS = YES;
				CLANG_WARN_STRICT_PROTOTYPES = YES;
				CLANG_WARN_SUSPICIOUS_MOVE = YES;
				CLANG_WARN_UNGUARDED_AVAILABILITY = YES_AGGRESSIVE;
				CLANG_WARN_UNREACHABLE_CODE = YES;
				CLANG_WARN__DUPLICATE_METHOD_MATCH = YES;
				COPY_PHASE_STRIP = NO;
				DEBUG_INFORMATION_FORMAT = "dwarf-with-dsym";
				ENABLE_NS_ASSERTIONS = NO;
				ENABLE_STRICT_OBJC_MSGSEND = YES;
				GCC_C_LANGUAGE_STANDARD = gnu11;
				GCC_NO_COMMON_BLOCKS = YES;
				GCC_WARN_64_TO_32_BIT_CONVERSION = YES;
				GCC_WARN_ABOUT_RETURN_TYPE = YES_ERROR;
				GCC_WARN_UNDECLARED_SELECTOR = YES;
				GCC_WARN_UNINITIALIZED_AUTOS = YES_AGGRESSIVE;
				GCC_WARN_UNUSED_FUNCTION = YES;
				GCC_WARN_UNUSED_VARIABLE = YES;
				IPHONEOS_DEPLOYMENT_TARGET = 14.2;
				MTL_ENABLE_DEBUG_INFO = NO;
				MTL_FAST_MATH = YES;
				SDKROOT = iphoneos;
				SWIFT_COMPILATION_MODE = wholemodule;
				SWIFT_OPTIMIZATION_LEVEL = "-O";
				VALIDATE_PRODUCT = YES;
			};
			name = Release;
		};
		C4697B5226D3CFA200EDA2FB /* Debug */ = {
			isa = XCBuildConfiguration;
			buildSettings = {
				ASSETCATALOG_COMPILER_APPICON_NAME = AppIcon;
				ASSETCATALOG_COMPILER_GLOBAL_ACCENT_COLOR_NAME = AccentColor;
				CODE_SIGN_STYLE = Automatic;
				INFOPLIST_FILE = PitchPerfect/Info.plist;
				LD_RUNPATH_SEARCH_PATHS = (
					"$(inherited)",
					"@executable_path/Frameworks",
				);
				PRODUCT_BUNDLE_IDENTIFIER = com.roberto.PitchPerfect;
				PRODUCT_NAME = "$(TARGET_NAME)";
				SWIFT_VERSION = 5.0;
				TARGETED_DEVICE_FAMILY = "1,2";
			};
			name = Debug;
		};
		C4697B5326D3CFA200EDA2FB /* Release */ = {
			isa = XCBuildConfiguration;
			buildSettings = {
				ASSETCATALOG_COMPILER_APPICON_NAME = AppIcon;
				ASSETCATALOG_COMPILER_GLOBAL_ACCENT_COLOR_NAME = AccentColor;
				CODE_SIGN_STYLE = Automatic;
				INFOPLIST_FILE = PitchPerfect/Info.plist;
				LD_RUNPATH_SEARCH_PATHS = (
					"$(inherited)",
					"@executable_path/Frameworks",
				);
				PRODUCT_BUNDLE_IDENTIFIER = com.roberto.PitchPerfect;
				PRODUCT_NAME = "$(TARGET_NAME)";
				SWIFT_VERSION = 5.0;
				TARGETED_DEVICE_FAMILY = "1,2";
			};
			name = Release;
		};
		C4697B5526D3CFA200EDA2FB /* Debug */ = {
			isa = XCBuildConfiguration;
			buildSettings = {
				ALWAYS_EMBED_SWIFT_STANDARD_LIBRARIES = YES;
				BUNDLE_LOADER = "$(TEST_HOST)";
				CODE_SIGN_STYLE = Automatic;
				INFOPLIST_FILE = PitchPerfectTests/Info.plist;
				IPHONEOS_DEPLOYMENT_TARGET = 14.2;
				LD_RUNPATH_SEARCH_PATHS = (
					"$(inherited)",
					"@executable_path/Frameworks",
					"@loader_path/Frameworks",
				);
				PRODUCT_BUNDLE_IDENTIFIER = com.roberto.PitchPerfectTests;
				PRODUCT_NAME = "$(TARGET_NAME)";
				SWIFT_VERSION = 5.0;
				TARGETED_DEVICE_FAMILY = "1,2";
				TEST_HOST = "$(BUILT_PRODUCTS_DIR)/PitchPerfect.app/PitchPerfect";
			};
			name = Debug;
		};
		C4697B5626D3CFA200EDA2FB /* Release */ = {
			isa = XCBuildConfiguration;
			buildSettings = {
				ALWAYS_EMBED_SWIFT_STANDARD_LIBRARIES = YES;
				BUNDLE_LOADER = "$(TEST_HOST)";
				CODE_SIGN_STYLE = Automatic;
				INFOPLIST_FILE = PitchPerfectTests/Info.plist;
				IPHONEOS_DEPLOYMENT_TARGET = 14.2;
				LD_RUNPATH_SEARCH_PATHS = (
					"$(inherited)",
					"@executable_path/Frameworks",
					"@loader_path/Frameworks",
				);
				PRODUCT_BUNDLE_IDENTIFIER = com.roberto.PitchPerfectTests;
				PRODUCT_NAME = "$(TARGET_NAME)";
				SWIFT_VERSION = 5.0;
				TARGETED_DEVICE_FAMILY = "1,2";
				TEST_HOST = "$(BUILT_PRODUCTS_DIR)/PitchPerfect.app/PitchPerfect";
			};
			name = Release;
		};
		C4697B5826D3CFA200EDA2FB /* Debug */ = {
			isa = XCBuildConfiguration;
			buildSettings = {
				ALWAYS_EMBED_SWIFT_STANDARD_LIBRARIES = YES;
				CODE_SIGN_STYLE = Automatic;
				INFOPLIST_FILE = PitchPerfectUITests/Info.plist;
				LD_RUNPATH_SEARCH_PATHS = (
					"$(inherited)",
					"@executable_path/Frameworks",
					"@loader_path/Frameworks",
				);
				PRODUCT_BUNDLE_IDENTIFIER = com.roberto.PitchPerfectUITests;
				PRODUCT_NAME = "$(TARGET_NAME)";
				SWIFT_VERSION = 5.0;
				TARGETED_DEVICE_FAMILY = "1,2";
				TEST_TARGET_NAME = PitchPerfect;
			};
			name = Debug;
		};
		C4697B5926D3CFA200EDA2FB /* Release */ = {
			isa = XCBuildConfiguration;
			buildSettings = {
				ALWAYS_EMBED_SWIFT_STANDARD_LIBRARIES = YES;
				CODE_SIGN_STYLE = Automatic;
				INFOPLIST_FILE = PitchPerfectUITests/Info.plist;
				LD_RUNPATH_SEARCH_PATHS = (
					"$(inherited)",
					"@executable_path/Frameworks",
					"@loader_path/Frameworks",
				);
				PRODUCT_BUNDLE_IDENTIFIER = com.roberto.PitchPerfectUITests;
				PRODUCT_NAME = "$(TARGET_NAME)";
				SWIFT_VERSION = 5.0;
				TARGETED_DEVICE_FAMILY = "1,2";
				TEST_TARGET_NAME = PitchPerfect;
			};
			name = Release;
		};
/* End XCBuildConfiguration section */

/* Begin XCConfigurationList section */
		C4697B2226D3CFA000EDA2FB /* Build configuration list for PBXProject "PitchPerfect" */ = {
			isa = XCConfigurationList;
			buildConfigurations = (
				C4697B4F26D3CFA200EDA2FB /* Debug */,
				C4697B5026D3CFA200EDA2FB /* Release */,
			);
			defaultConfigurationIsVisible = 0;
			defaultConfigurationName = Release;
		};
		C4697B5126D3CFA200EDA2FB /* Build configuration list for PBXNativeTarget "PitchPerfect" */ = {
			isa = XCConfigurationList;
			buildConfigurations = (
				C4697B5226D3CFA200EDA2FB /* Debug */,
				C4697B5326D3CFA200EDA2FB /* Release */,
			);
			defaultConfigurationIsVisible = 0;
			defaultConfigurationName = Release;
		};
		C4697B5426D3CFA200EDA2FB /* Build configuration list for PBXNativeTarget "PitchPerfectTests" */ = {
			isa = XCConfigurationList;
			buildConfigurations = (
				C4697B5526D3CFA200EDA2FB /* Debug */,
				C4697B5626D3CFA200EDA2FB /* Release */,
			);
			defaultConfigurationIsVisible = 0;
			defaultConfigurationName = Release;
		};
		C4697B5726D3CFA200EDA2FB /* Build configuration list for PBXNativeTarget "PitchPerfectUITests" */ = {
			isa = XCConfigurationList;
			buildConfigurations = (
				C4697B5826D3CFA200EDA2FB /* Debug */,
				C4697B5926D3CFA200EDA2FB /* Release */,
			);
			defaultConfigurationIsVisible = 0;
			defaultConfigurationName = Release;
		};
/* End XCConfigurationList section */
	};
	rootObject = C4697B1F26D3CFA000EDA2FB /* Project object */;
}
